
Microsoft Visual Studio Solution File, Format Version 12.00
# Visual Studio Version 16
VisualStudioVersion = 16.0.32002.261
MinimumVisualStudioVersion = 10.0.40219.1
Project("{9A19103F-16F7-4668-BE54-9A1E7A4F7556}") = "CRUDcodefirstapproach", "WebApplication1\CRUDcodefirstapproach.csproj", "{DEF1FEB3-B4C0-4A94-B16C-12DAE5E7648A}"
EndProject
Global
	GlobalSection(SolutionConfigurationPlatforms) = preSolution
		Debug|Any CPU = Debug|Any CPU
		Release|Any CPU = Release|Any CPU
	EndGlobalSection
	GlobalSection(ProjectConfigurationPlatforms) = postSolution
		{DEF1FEB3-B4C0-4A94-B16C-12DAE5E7648A}.Debug|Any CPU.ActiveCfg = Debug|Any CPU
		{DEF1FEB3-B4C0-4A94-B16C-12DAE5E7648A}.Debug|Any CPU.Build.0 = Debug|Any CPU
		{DEF1FEB3-B4C0-4A94-B16C-12DAE5E7648A}.Release|Any CPU.ActiveCfg = Release|Any CPU
		{DEF1FEB3-B4C0-4A94-B16C-12DAE5E7648A}.Release|Any CPU.Build.0 = Release|Any CPU
	EndGlobalSection
	GlobalSection(SolutionProperties) = preSolution
		HideSolutionNode = FALSE
	EndGlobalSection
	GlobalSection(ExtensibilityGlobals) = postSolution
		SolutionGuid = {03E2F7DC-EB41-46B3-B813-2FD700A3901B}
	EndGlobalSection
EndGlobal
